
Microsoft Visual Studio Solution File, Format Version 12.00
Project("{FAE04EC0-301F-11D3-BF4B-00C04F79EFBC}") = "Tilde.Pixel", "Tilde.Pixel\Tilde.Pixel.csproj", "{7D96477F-6A6F-4AE4-9E5E-B3F778B13E7B}"
EndProject
Project("{2150E333-8FDC-42A3-9474-1A3956D46DE8}") = "SolutionFiles", "SolutionFiles", "{6FA68B85-968C-4724-90BE-7936FA8EB0BD}"
ProjectSection(SolutionItems) = preProject
	LICENSE = LICENSE
	README.md = README.md
EndProjectSection
EndProject
Global
	GlobalSection(SolutionConfigurationPlatforms) = preSolution
		Debug|Any CPU = Debug|Any CPU
		Release|Any CPU = Release|Any CPU
	EndGlobalSection
	GlobalSection(ProjectConfigurationPlatforms) = postSolution
		{7D96477F-6A6F-4AE4-9E5E-B3F778B13E7B}.Debug|Any CPU.ActiveCfg = Debug|Any CPU
		{7D96477F-6A6F-4AE4-9E5E-B3F778B13E7B}.Debug|Any CPU.Build.0 = Debug|Any CPU
		{7D96477F-6A6F-4AE4-9E5E-B3F778B13E7B}.Release|Any CPU.ActiveCfg = Release|Any CPU
		{7D96477F-6A6F-4AE4-9E5E-B3F778B13E7B}.Release|Any CPU.Build.0 = Release|Any CPU
	EndGlobalSection
EndGlobal
